PODS:
  - Differentiator (3.0.2)
  - MMLanScan (3.0.0)
  - Reactant (1.1.0):
    - Reactant/Core (= 1.1.0)
    - Reactant/Result (= 1.1.0)
  - Reactant/Configuration (1.1.0):
    - RxSwift (~> 4.0)
    - SnapKit (~> 4.0)
  - Reactant/Core (1.1.0):
    - Reactant/Configuration
    - RxCocoa (~> 4.0)
    - RxOptional (~> 3.0)
    - RxSwift (~> 4.0)
    - SnapKit (~> 4.0)
  - Reactant/FallbackSafeAreaInsets (1.1.0):
    - Reactant/Core
  - Reactant/Result (1.1.0):
    - Result (~> 3.0)
    - RxOptional (~> 3.0)
    - RxSwift (~> 4.0)
  - Reactant/TableView (1.1.0):
    - Reactant/Core
    - RxCocoa (~> 4.0)
    - RxDataSources (~> 3.0)
  - ReactantLiveUI (0.2.0):
    - Reactant (> 1.0)
    - Reactant/FallbackSafeAreaInsets (> 1.0)
    - Reactant/TableView (> 1.0)
    - RxCocoa
  - ReactantUI (0.2.0)
  - Realm (3.3.2):
    - Realm/Headers (= 3.3.2)
  - Realm/Headers (3.3.2)
  - RealmSwift (3.3.2):
    - Realm (= 3.3.2)
  - Result (3.2.4)
  - RxCocoa (4.1.2):
    - RxSwift (~> 4.0)
  - RxDataSources (3.0.2):
    - Differentiator (~> 3.0)
    - RxCocoa (~> 4.0)
    - RxSwift (~> 4.0)
  - RxOptional (3.4.0):
    - RxCocoa (~> 4.0)
    - RxSwift (~> 4.0)
  - RxRealm (0.7.5):
    - RealmSwift (~> 3.0)
    - RxSwift (~> 4.0)
  - RxRealmDataSources (0.2.9):
    - RealmSwift (~> 3.0)
    - RxCocoa (~> 4.0)
    - RxRealm (~> 0.7.3)
    - RxSwift (~> 4.0)
  - RxSwift (4.1.2)
  - SnapKit (4.0.0)
  - SwiftSocket (2.0.2)

DEPENDENCIES:
  - MMLanScan
  - Reactant (~> 1.0)
  - ReactantLiveUI
  - ReactantUI
  - RealmSwift
  - RxRealm
  - RxRealmDataSources
  - SwiftSocket

SPEC CHECKSUMS:
  Differentiator: a87be69eba49ec4ab460c7671143ee3a9eececfd
  MMLanScan: 86a0f77edbf163be30c1f58321469c7c8ce4c50e
  Reactant: 1910427bc0b05afeeb4e959e24bdd768dedb5258
  ReactantLiveUI: 6d6d8b2aaebcf00aec456b9b948333f9e0a896e9
  ReactantUI: 6d209cf3e780f0f0efd0b2c7424f59992e759320
  Realm: d927fbf66df5532cfafc08afb5f7e53ded37b894
  RealmSwift: 4e903a494e05d866581d69ad6f7e7b879d446baf
  Result: d2d07204ce72856f1fd9130bbe42c35a7b0fea10
  RxCocoa: d88ba0f1f6abf040011a9eb4b539324fc426843a
  RxDataSources: cb7c31e652a87ebb919da45f716bbb87b3765f6b
  RxOptional: fabc37fc8e3cf4c336ebaeb5c92b576c64b2e6c5
  RxRealm: a6c6c0a07cb61f34209969ca6657734edfdfff30
  RxRealmDataSources: 798303f1d7db18d80da9e95bab9605010378040e
  RxSwift: e49536837d9901277638493ea537394d4b55f570
  SnapKit: a42d492c16e80209130a3379f73596c3454b7694
  SwiftSocket: 6f4c9c63fbc5c1d61188936bb3c599fd546f40ae

PODFILE CHECKSUM: f3a9655464bb46f267f7743ca332f3364272b8f1

COCOAPODS: 1.4.0
